<?xml version="1.0" encoding="UTF-8" standalone="yes" ?>
<CodeBlocks_project_file>
	<FileVersion major="1" minor="6" />
	<Project>
		<Option title="2D Game" />
		<Option pch_mode="2" />
		<Option compiler="gcc" />
		<Build>
			<Target title="Debug">
				<Option output="bin/Debug/2D Game" prefix_auto="1" extension_auto="1" />
				<Option object_output="obj/Debug/" />
				<Option type="1" />
				<Option compiler="gcc" />
				<Compiler>
					<Add option="-g" />
				</Compiler>
			</Target>
			<Target title="Release">
				<Option output="bin/Release/2D Game" prefix_auto="1" extension_auto="1" />
				<Option object_output="obj/Release/" />
				<Option type="1" />
				<Option compiler="gcc" />
				<Compiler>
					<Add option="-O2" />
				</Compiler>
				<Linker>
					<Add option="-s" />
				</Linker>
			</Target>
		</Build>
		<Compiler>
			<Add option="-Wall" />
		</Compiler>
		<Unit filename="collision.cpp" />
		<Unit filename="collision.h" />
		<Unit filename="colors.cpp" />
		<Unit filename="colors.h" />
		<Unit filename="control.cpp" />
		<Unit filename="control.h" />
		<Unit filename="globals.cpp" />
		<Unit filename="globals.h" />
		<Unit filename="gui.cpp" />
		<Unit filename="gui.h" />
		<Unit filename="main.cpp" />
		<Unit filename="map" />
		<Unit filename="objMap" />
		<Unit filename="objects.cpp" />
		<Unit filename="objects.h" />
		<Unit filename="player.cpp" />
		<Unit filename="player.h" />
		<Unit filename="primary.h" />
		<Unit filename="tiles.cpp" />
		<Unit filename="tiles.h" />
		<Extensions>
			<code_completion />
			<envvars />
			<debugger />
			<lib_finder disable_auto="1" />
		</Extensions>
	</Project>
</CodeBlocks_project_file>
